
Microsoft Visual Studio Solution File, Format Version 12.00
Project("{2150E333-8FDC-42A3-9474-1A3956D46DE8}") = "src", "src", "{97C00B1B-5099-47D2-B25F-39279D7524EE}"
EndProject
Project("{2150E333-8FDC-42A3-9474-1A3956D46DE8}") = "tests", "tests", "{CCFBFADD-F497-4CC6-8726-43156DDD3046}"
EndProject
Project("{FAE04EC0-301F-11D3-BF4B-00C04F79EFBC}") = "Pace.Engineer.App", "Pace.Engineer.App\Pace.Engineer.App.csproj", "{C604F0AA-B9A2-4317-B8EF-74B486FC954B}"
EndProject
Project("{FAE04EC0-301F-11D3-BF4B-00C04F79EFBC}") = "Pace.Engineer.Core", "Pace.Engineer.Core\Pace.Engineer.Core.csproj", "{91D62BA8-B9C8-4025-8ED4-B56EFE58F066}"
EndProject
Project("{FAE04EC0-301F-11D3-BF4B-00C04F79EFBC}") = "Pace.Engineer.Telemetry.AssettoCorsa", "Pace.Engineer.Telemetry.AssettoCorsa\Pace.Engineer.Telemetry.AssettoCorsa.csproj", "{3DD0FFA8-603E-4545-93D0-27BA186E2691}"
EndProject
Project("{FAE04EC0-301F-11D3-BF4B-00C04F79EFBC}") = "Pace.Engineer.Analysis", "Pace.Engineer.Analysis\Pace.Engineer.Analysis.csproj", "{DBECCB93-2FFB-4592-B1BD-F4E600FF748C}"
EndProject
Project("{FAE04EC0-301F-11D3-BF4B-00C04F79EFBC}") = "Pace.Engineer.AI", "Pace.Engineer.AI\Pace.Engineer.AI.csproj", "{01848EE1-47C1-40D5-8076-AE72C75FAA9D}"
EndProject
Project("{FAE04EC0-301F-11D3-BF4B-00C04F79EFBC}") = "Pace.Engineer.Voice", "Pace.Engineer.Voice\Pace.Engineer.Voice.csproj", "{D69EE97B-96C5-4030-94EE-C263CCA1DB98}"
EndProject
Project("{FAE04EC0-301F-11D3-BF4B-00C04F79EFBC}") = "Pace.Engineer.Storage", "Pace.Engineer.Storage\Pace.Engineer.Storage.csproj", "{5881540A-BF85-41E0-A6C7-9CA24CA8F14A}"
EndProject
Project("{FAE04EC0-301F-11D3-BF4B-00C04F79EFBC}") = "Pace.Engineer.Core.Tests", "Pace.Engineer.Core.Tests\Pace.Engineer.Core.Tests.csproj", "{17C8169E-28E6-479A-99FE-A138BF180042}"
EndProject
Project("{FAE04EC0-301F-11D3-BF4B-00C04F79EFBC}") = "Pace.Engineer.Telemetry.AssettoCorsa.Tests", "Pace.Engineer.Telemetry.AssettoCorsa.Tests\Pace.Engineer.Telemetry.AssettoCorsa.Tests.csproj", "{B5BBDE10-D217-4954-B441-D54F7B0CF616}"
EndProject
Project("{FAE04EC0-301F-11D3-BF4B-00C04F79EFBC}") = "Pace.Engineer.Analysis.Tests", "Pace.Engineer.Analysis.Tests\Pace.Engineer.Analysis.Tests.csproj", "{9221C58D-9885-4CD0-B886-9569342132C9}"
EndProject
Global
	GlobalSection(SolutionConfigurationPlatforms) = preSolution
		Debug|Any CPU = Debug|Any CPU
		Release|Any CPU = Release|Any CPU
	EndGlobalSection
	GlobalSection(NestedProjects) = preSolution
		{C604F0AA-B9A2-4317-B8EF-74B486FC954B} = {97C00B1B-5099-47D2-B25F-39279D7524EE}
		{91D62BA8-B9C8-4025-8ED4-B56EFE58F066} = {97C00B1B-5099-47D2-B25F-39279D7524EE}
		{3DD0FFA8-603E-4545-93D0-27BA186E2691} = {97C00B1B-5099-47D2-B25F-39279D7524EE}
		{DBECCB93-2FFB-4592-B1BD-F4E600FF748C} = {97C00B1B-5099-47D2-B25F-39279D7524EE}
		{01848EE1-47C1-40D5-8076-AE72C75FAA9D} = {97C00B1B-5099-47D2-B25F-39279D7524EE}
		{D69EE97B-96C5-4030-94EE-C263CCA1DB98} = {97C00B1B-5099-47D2-B25F-39279D7524EE}
		{5881540A-BF85-41E0-A6C7-9CA24CA8F14A} = {97C00B1B-5099-47D2-B25F-39279D7524EE}
		{17C8169E-28E6-479A-99FE-A138BF180042} = {CCFBFADD-F497-4CC6-8726-43156DDD3046}
		{B5BBDE10-D217-4954-B441-D54F7B0CF616} = {CCFBFADD-F497-4CC6-8726-43156DDD3046}
		{9221C58D-9885-4CD0-B886-9569342132C9} = {CCFBFADD-F497-4CC6-8726-43156DDD3046}
	EndGlobalSection
	GlobalSection(ProjectConfigurationPlatforms) = postSolution
		{C604F0AA-B9A2-4317-B8EF-74B486FC954B}.Debug|Any CPU.ActiveCfg = Debug|Any CPU
		{C604F0AA-B9A2-4317-B8EF-74B486FC954B}.Debug|Any CPU.Build.0 = Debug|Any CPU
		{C604F0AA-B9A2-4317-B8EF-74B486FC954B}.Release|Any CPU.ActiveCfg = Release|Any CPU
		{C604F0AA-B9A2-4317-B8EF-74B486FC954B}.Release|Any CPU.Build.0 = Release|Any CPU
		{91D62BA8-B9C8-4025-8ED4-B56EFE58F066}.Debug|Any CPU.ActiveCfg = Debug|Any CPU
		{91D62BA8-B9C8-4025-8ED4-B56EFE58F066}.Debug|Any CPU.Build.0 = Debug|Any CPU
		{91D62BA8-B9C8-4025-8ED4-B56EFE58F066}.Release|Any CPU.ActiveCfg = Release|Any CPU
		{91D62BA8-B9C8-4025-8ED4-B56EFE58F066}.Release|Any CPU.Build.0 = Release|Any CPU
		{3DD0FFA8-603E-4545-93D0-27BA186E2691}.Debug|Any CPU.ActiveCfg = Debug|Any CPU
		{3DD0FFA8-603E-4545-93D0-27BA186E2691}.Debug|Any CPU.Build.0 = Debug|Any CPU
		{3DD0FFA8-603E-4545-93D0-27BA186E2691}.Release|Any CPU.ActiveCfg = Release|Any CPU
		{3DD0FFA8-603E-4545-93D0-27BA186E2691}.Release|Any CPU.Build.0 = Release|Any CPU
		{DBECCB93-2FFB-4592-B1BD-F4E600FF748C}.Debug|Any CPU.ActiveCfg = Debug|Any CPU
		{DBECCB93-2FFB-4592-B1BD-F4E600FF748C}.Debug|Any CPU.Build.0 = Debug|Any CPU
		{DBECCB93-2FFB-4592-B1BD-F4E600FF748C}.Release|Any CPU.ActiveCfg = Release|Any CPU
		{DBECCB93-2FFB-4592-B1BD-F4E600FF748C}.Release|Any CPU.Build.0 = Release|Any CPU
		{01848EE1-47C1-40D5-8076-AE72C75FAA9D}.Debug|Any CPU.ActiveCfg = Debug|Any CPU
		{01848EE1-47C1-40D5-8076-AE72C75FAA9D}.Debug|Any CPU.Build.0 = Debug|Any CPU
		{01848EE1-47C1-40D5-8076-AE72C75FAA9D}.Release|Any CPU.ActiveCfg = Release|Any CPU
		{01848EE1-47C1-40D5-8076-AE72C75FAA9D}.Release|Any CPU.Build.0 = Release|Any CPU
		{D69EE97B-96C5-4030-94EE-C263CCA1DB98}.Debug|Any CPU.ActiveCfg = Debug|Any CPU
		{D69EE97B-96C5-4030-94EE-C263CCA1DB98}.Debug|Any CPU.Build.0 = Debug|Any CPU
		{D69EE97B-96C5-4030-94EE-C263CCA1DB98}.Release|Any CPU.ActiveCfg = Release|Any CPU
		{D69EE97B-96C5-4030-94EE-C263CCA1DB98}.Release|Any CPU.Build.0 = Release|Any CPU
		{5881540A-BF85-41E0-A6C7-9CA24CA8F14A}.Debug|Any CPU.ActiveCfg = Debug|Any CPU
		{5881540A-BF85-41E0-A6C7-9CA24CA8F14A}.Debug|Any CPU.Build.0 = Debug|Any CPU
		{5881540A-BF85-41E0-A6C7-9CA24CA8F14A}.Release|Any CPU.ActiveCfg = Release|Any CPU
		{5881540A-BF85-41E0-A6C7-9CA24CA8F14A}.Release|Any CPU.Build.0 = Release|Any CPU
		{17C8169E-28E6-479A-99FE-A138BF180042}.Debug|Any CPU.ActiveCfg = Debug|Any CPU
		{17C8169E-28E6-479A-99FE-A138BF180042}.Debug|Any CPU.Build.0 = Debug|Any CPU
		{17C8169E-28E6-479A-99FE-A138BF180042}.Release|Any CPU.ActiveCfg = Release|Any CPU
		{17C8169E-28E6-479A-99FE-A138BF180042}.Release|Any CPU.Build.0 = Release|Any CPU
		{B5BBDE10-D217-4954-B441-D54F7B0CF616}.Debug|Any CPU.ActiveCfg = Debug|Any CPU
		{B5BBDE10-D217-4954-B441-D54F7B0CF616}.Debug|Any CPU.Build.0 = Debug|Any CPU
		{B5BBDE10-D217-4954-B441-D54F7B0CF616}.Release|Any CPU.ActiveCfg = Release|Any CPU
		{B5BBDE10-D217-4954-B441-D54F7B0CF616}.Release|Any CPU.Build.0 = Release|Any CPU
		{9221C58D-9885-4CD0-B886-9569342132C9}.Debug|Any CPU.ActiveCfg = Debug|Any CPU
		{9221C58D-9885-4CD0-B886-9569342132C9}.Debug|Any CPU.Build.0 = Debug|Any CPU
		{9221C58D-9885-4CD0-B886-9569342132C9}.Release|Any CPU.ActiveCfg = Release|Any CPU
		{9221C58D-9885-4CD0-B886-9569342132C9}.Release|Any CPU.Build.0 = Release|Any CPU
	EndGlobalSection
EndGlobal
